
Microsoft Visual Studio Solution File, Format Version 12.00
# Visual Studio Version 17
VisualStudioVersion = 17.4.33205.214
MinimumVisualStudioVersion = 10.0.40219.1
Project("{2150E333-8FDC-42A3-9474-1A3956D46DE8}") = "Services", "Services", "{2335543B-D7D8-4008-A763-237ADA8BD24B}"
EndProject
Project("{2150E333-8FDC-42A3-9474-1A3956D46DE8}") = "Catalog", "Catalog", "{9E644FA7-2049-4EDE-86FF-35BFD4A0A9BB}"
EndProject
Project("{9A19103F-16F7-4668-BE54-9A1E7A4F7556}") = "Catalog.API", "Services\Catalog\Catalog.API\Catalog.API.csproj", "{5E516FE3-6BEE-4870-8755-F2DF6DB81CC4}"
EndProject
Project("{9A19103F-16F7-4668-BE54-9A1E7A4F7556}") = "Catalog.UnitTests", "Services\Catalog\Catalog.UnitTests\Catalog.UnitTests.csproj", "{6CDC0513-87F4-496E-A80E-0A5B7AC9B6D6}"
EndProject
Project("{E53339B2-1760-4266-BCC7-CA923CBCF16C}") = "docker-compose", "Docker\docker-compose.dcproj", "{F9238434-0098-4E2A-885F-43AE94B02F34}"
EndProject
Project("{2150E333-8FDC-42A3-9474-1A3956D46DE8}") = "BuildingBlocks", "BuildingBlocks", "{4B18B01D-8E36-4C20-9B85-67752EE3B617}"
EndProject
Project("{9A19103F-16F7-4668-BE54-9A1E7A4F7556}") = "Common.Logging", "BuildingBlocks\Common.Logging\Common.Logging.csproj", "{E5AC7389-706C-48AD-8AEC-14D50B20EF3A}"
EndProject
Project("{9A19103F-16F7-4668-BE54-9A1E7A4F7556}") = "BuildingBlocks.Tests", "BuildingBlocks\BuildingBlocks.Tests\BuildingBlocks.Tests.csproj", "{1E3087F3-3E7E-4B2B-9710-9AD95F3D4A67}"
EndProject
Project("{9A19103F-16F7-4668-BE54-9A1E7A4F7556}") = "Catalog.Minimal.API", "Services\Catalog\Catalog.Minimal.API\Catalog.Minimal.API.csproj", "{D50682C5-CFB0-40AA-B4EB-C953BA5A8BF4}"
EndProject
Project("{9A19103F-16F7-4668-BE54-9A1E7A4F7556}") = "Catalog.Core", "Services\Catalog\Catalog.Core\Catalog.Core.csproj", "{0689908C-7A73-4963-A0B5-599E71EF49A3}"
EndProject
Project("{FAE04EC0-301F-11D3-BF4B-00C04F79EFBC}") = "Common.Resilience", "BuildingBlocks\Common.Resilience\Common.Resilience.csproj", "{2642B44E-7CC4-4647-99DE-1CC19AFFACFD}"
EndProject
Global
	GlobalSection(SolutionConfigurationPlatforms) = preSolution
		Debug|Any CPU = Debug|Any CPU
		Release|Any CPU = Release|Any CPU
	EndGlobalSection
	GlobalSection(ProjectConfigurationPlatforms) = postSolution
		{5E516FE3-6BEE-4870-8755-F2DF6DB81CC4}.Debug|Any CPU.ActiveCfg = Debug|Any CPU
		{5E516FE3-6BEE-4870-8755-F2DF6DB81CC4}.Debug|Any CPU.Build.0 = Debug|Any CPU
		{5E516FE3-6BEE-4870-8755-F2DF6DB81CC4}.Release|Any CPU.ActiveCfg = Release|Any CPU
		{5E516FE3-6BEE-4870-8755-F2DF6DB81CC4}.Release|Any CPU.Build.0 = Release|Any CPU
		{6CDC0513-87F4-496E-A80E-0A5B7AC9B6D6}.Debug|Any CPU.ActiveCfg = Debug|Any CPU
		{6CDC0513-87F4-496E-A80E-0A5B7AC9B6D6}.Debug|Any CPU.Build.0 = Debug|Any CPU
		{6CDC0513-87F4-496E-A80E-0A5B7AC9B6D6}.Release|Any CPU.ActiveCfg = Release|Any CPU
		{6CDC0513-87F4-496E-A80E-0A5B7AC9B6D6}.Release|Any CPU.Build.0 = Release|Any CPU
		{F9238434-0098-4E2A-885F-43AE94B02F34}.Debug|Any CPU.ActiveCfg = Debug|Any CPU
		{F9238434-0098-4E2A-885F-43AE94B02F34}.Debug|Any CPU.Build.0 = Debug|Any CPU
		{F9238434-0098-4E2A-885F-43AE94B02F34}.Release|Any CPU.ActiveCfg = Release|Any CPU
		{F9238434-0098-4E2A-885F-43AE94B02F34}.Release|Any CPU.Build.0 = Release|Any CPU
		{E5AC7389-706C-48AD-8AEC-14D50B20EF3A}.Debug|Any CPU.ActiveCfg = Debug|Any CPU
		{E5AC7389-706C-48AD-8AEC-14D50B20EF3A}.Debug|Any CPU.Build.0 = Debug|Any CPU
		{E5AC7389-706C-48AD-8AEC-14D50B20EF3A}.Release|Any CPU.ActiveCfg = Release|Any CPU
		{E5AC7389-706C-48AD-8AEC-14D50B20EF3A}.Release|Any CPU.Build.0 = Release|Any CPU
		{1E3087F3-3E7E-4B2B-9710-9AD95F3D4A67}.Debug|Any CPU.ActiveCfg = Debug|Any CPU
		{1E3087F3-3E7E-4B2B-9710-9AD95F3D4A67}.Debug|Any CPU.Build.0 = Debug|Any CPU
		{1E3087F3-3E7E-4B2B-9710-9AD95F3D4A67}.Release|Any CPU.ActiveCfg = Release|Any CPU
		{1E3087F3-3E7E-4B2B-9710-9AD95F3D4A67}.Release|Any CPU.Build.0 = Release|Any CPU
		{D50682C5-CFB0-40AA-B4EB-C953BA5A8BF4}.Debug|Any CPU.ActiveCfg = Debug|Any CPU
		{D50682C5-CFB0-40AA-B4EB-C953BA5A8BF4}.Debug|Any CPU.Build.0 = Debug|Any CPU
		{D50682C5-CFB0-40AA-B4EB-C953BA5A8BF4}.Release|Any CPU.ActiveCfg = Release|Any CPU
		{D50682C5-CFB0-40AA-B4EB-C953BA5A8BF4}.Release|Any CPU.Build.0 = Release|Any CPU
		{0689908C-7A73-4963-A0B5-599E71EF49A3}.Debug|Any CPU.ActiveCfg = Debug|Any CPU
		{0689908C-7A73-4963-A0B5-599E71EF49A3}.Debug|Any CPU.Build.0 = Debug|Any CPU
		{0689908C-7A73-4963-A0B5-599E71EF49A3}.Release|Any CPU.ActiveCfg = Release|Any CPU
		{0689908C-7A73-4963-A0B5-599E71EF49A3}.Release|Any CPU.Build.0 = Release|Any CPU
		{2642B44E-7CC4-4647-99DE-1CC19AFFACFD}.Debug|Any CPU.ActiveCfg = Debug|Any CPU
		{2642B44E-7CC4-4647-99DE-1CC19AFFACFD}.Debug|Any CPU.Build.0 = Debug|Any CPU
		{2642B44E-7CC4-4647-99DE-1CC19AFFACFD}.Release|Any CPU.ActiveCfg = Release|Any CPU
		{2642B44E-7CC4-4647-99DE-1CC19AFFACFD}.Release|Any CPU.Build.0 = Release|Any CPU
	EndGlobalSection
	GlobalSection(SolutionProperties) = preSolution
		HideSolutionNode = FALSE
	EndGlobalSection
	GlobalSection(NestedProjects) = preSolution
		{9E644FA7-2049-4EDE-86FF-35BFD4A0A9BB} = {2335543B-D7D8-4008-A763-237ADA8BD24B}
		{5E516FE3-6BEE-4870-8755-F2DF6DB81CC4} = {9E644FA7-2049-4EDE-86FF-35BFD4A0A9BB}
		{6CDC0513-87F4-496E-A80E-0A5B7AC9B6D6} = {9E644FA7-2049-4EDE-86FF-35BFD4A0A9BB}
		{E5AC7389-706C-48AD-8AEC-14D50B20EF3A} = {4B18B01D-8E36-4C20-9B85-67752EE3B617}
		{1E3087F3-3E7E-4B2B-9710-9AD95F3D4A67} = {4B18B01D-8E36-4C20-9B85-67752EE3B617}
		{D50682C5-CFB0-40AA-B4EB-C953BA5A8BF4} = {9E644FA7-2049-4EDE-86FF-35BFD4A0A9BB}
		{0689908C-7A73-4963-A0B5-599E71EF49A3} = {9E644FA7-2049-4EDE-86FF-35BFD4A0A9BB}
		{2642B44E-7CC4-4647-99DE-1CC19AFFACFD} = {4B18B01D-8E36-4C20-9B85-67752EE3B617}
	EndGlobalSection
	GlobalSection(ExtensibilityGlobals) = postSolution
		SolutionGuid = {7D050A76-ADF3-407B-B38F-535D0C03D7BB}
	EndGlobalSection
EndGlobal
